
Microsoft Visual Studio Solution File, Format Version 12.00
# Visual Studio Version 17
VisualStudioVersion = 17.10.34902.84
MinimumVisualStudioVersion = 10.0.40219.1
Project("{9A19103F-16F7-4668-BE54-9A1E7A4F7556}") = "TrelloTenderManager.Domain", "TrelloTenderManager.Domain\TrelloTenderManager.Domain.csproj", "{F2C99B8C-1818-47E5-8CA1-A33489B8168C}"
EndProject
Project("{9A19103F-16F7-4668-BE54-9A1E7A4F7556}") = "TrelloTenderManager.Core", "TrelloTenderManager.Core\TrelloTenderManager.Core.csproj", "{A9B2C838-8D56-4C75-8832-9B4AA4A659E6}"
EndProject
Project("{9A19103F-16F7-4668-BE54-9A1E7A4F7556}") = "TrelloTenderManager.Core.UnitTests", "TrelloTenderManager.Core.UnitTests\TrelloTenderManager.Core.UnitTests.csproj", "{1126BBF0-8D32-490A-9EBE-55B054D1C49E}"
EndProject
Project("{9A19103F-16F7-4668-BE54-9A1E7A4F7556}") = "TrelloTenderManager.WebApi", "TrelloTenderManager.WebApi\TrelloTenderManager.WebApi.csproj", "{D734F0E4-9EF3-401B-9C68-CA6E9006A3E4}"
EndProject
Project("{9A19103F-16F7-4668-BE54-9A1E7A4F7556}") = "TrelloTenderManager.WebApi.IntegrationTests", "TrelloTenderManager.WebApi.IntegrationTests\TrelloTenderManager.WebApi.IntegrationTests.csproj", "{727EB92C-F61C-4416-A264-6E1EC12AE46C}"
EndProject
Project("{9A19103F-16F7-4668-BE54-9A1E7A4F7556}") = "TrelloTenderManager.Tests.Common", "TrelloTenderManager.Tests.Common\TrelloTenderManager.Tests.Common.csproj", "{CBB6E4A0-ADBC-4D11-BD7B-B46765E876B9}"
EndProject
Project("{FAE04EC0-301F-11D3-BF4B-00C04F79EFBC}") = "TrelloTenderManager.Infrastructure", "TrelloTenderManager.Infrastructure\TrelloTenderManager.Infrastructure.csproj", "{B9756761-62FF-4604-BA86-A8097C2F8D82}"
EndProject
Project("{FAE04EC0-301F-11D3-BF4B-00C04F79EFBC}") = "TrelloTenderManager.Infrastructure.IntegrationTests", "TrelloTenderManager.Infrastructure.IntegrationTests\TrelloTenderManager.Infrastructure.IntegrationTests.csproj", "{3D662B53-3834-4DA5-9AE2-037151DC0B78}"
EndProject
Global
	GlobalSection(SolutionConfigurationPlatforms) = preSolution
		Debug|Any CPU = Debug|Any CPU
		Release|Any CPU = Release|Any CPU
	EndGlobalSection
	GlobalSection(ProjectConfigurationPlatforms) = postSolution
		{F2C99B8C-1818-47E5-8CA1-A33489B8168C}.Debug|Any CPU.ActiveCfg = Debug|Any CPU
		{F2C99B8C-1818-47E5-8CA1-A33489B8168C}.Debug|Any CPU.Build.0 = Debug|Any CPU
		{F2C99B8C-1818-47E5-8CA1-A33489B8168C}.Release|Any CPU.ActiveCfg = Release|Any CPU
		{F2C99B8C-1818-47E5-8CA1-A33489B8168C}.Release|Any CPU.Build.0 = Release|Any CPU
		{A9B2C838-8D56-4C75-8832-9B4AA4A659E6}.Debug|Any CPU.ActiveCfg = Debug|Any CPU
		{A9B2C838-8D56-4C75-8832-9B4AA4A659E6}.Debug|Any CPU.Build.0 = Debug|Any CPU
		{A9B2C838-8D56-4C75-8832-9B4AA4A659E6}.Release|Any CPU.ActiveCfg = Release|Any CPU
		{A9B2C838-8D56-4C75-8832-9B4AA4A659E6}.Release|Any CPU.Build.0 = Release|Any CPU
		{1126BBF0-8D32-490A-9EBE-55B054D1C49E}.Debug|Any CPU.ActiveCfg = Debug|Any CPU
		{1126BBF0-8D32-490A-9EBE-55B054D1C49E}.Debug|Any CPU.Build.0 = Debug|Any CPU
		{1126BBF0-8D32-490A-9EBE-55B054D1C49E}.Release|Any CPU.ActiveCfg = Release|Any CPU
		{1126BBF0-8D32-490A-9EBE-55B054D1C49E}.Release|Any CPU.Build.0 = Release|Any CPU
		{D734F0E4-9EF3-401B-9C68-CA6E9006A3E4}.Debug|Any CPU.ActiveCfg = Debug|Any CPU
		{D734F0E4-9EF3-401B-9C68-CA6E9006A3E4}.Debug|Any CPU.Build.0 = Debug|Any CPU
		{D734F0E4-9EF3-401B-9C68-CA6E9006A3E4}.Release|Any CPU.ActiveCfg = Release|Any CPU
		{D734F0E4-9EF3-401B-9C68-CA6E9006A3E4}.Release|Any CPU.Build.0 = Release|Any CPU
		{727EB92C-F61C-4416-A264-6E1EC12AE46C}.Debug|Any CPU.ActiveCfg = Debug|Any CPU
		{727EB92C-F61C-4416-A264-6E1EC12AE46C}.Debug|Any CPU.Build.0 = Debug|Any CPU
		{727EB92C-F61C-4416-A264-6E1EC12AE46C}.Release|Any CPU.ActiveCfg = Release|Any CPU
		{727EB92C-F61C-4416-A264-6E1EC12AE46C}.Release|Any CPU.Build.0 = Release|Any CPU
		{CBB6E4A0-ADBC-4D11-BD7B-B46765E876B9}.Debug|Any CPU.ActiveCfg = Debug|Any CPU
		{CBB6E4A0-ADBC-4D11-BD7B-B46765E876B9}.Debug|Any CPU.Build.0 = Debug|Any CPU
		{CBB6E4A0-ADBC-4D11-BD7B-B46765E876B9}.Release|Any CPU.ActiveCfg = Release|Any CPU
		{CBB6E4A0-ADBC-4D11-BD7B-B46765E876B9}.Release|Any CPU.Build.0 = Release|Any CPU
		{B9756761-62FF-4604-BA86-A8097C2F8D82}.Debug|Any CPU.ActiveCfg = Debug|Any CPU
		{B9756761-62FF-4604-BA86-A8097C2F8D82}.Debug|Any CPU.Build.0 = Debug|Any CPU
		{B9756761-62FF-4604-BA86-A8097C2F8D82}.Release|Any CPU.ActiveCfg = Release|Any CPU
		{B9756761-62FF-4604-BA86-A8097C2F8D82}.Release|Any CPU.Build.0 = Release|Any CPU
		{3D662B53-3834-4DA5-9AE2-037151DC0B78}.Debug|Any CPU.ActiveCfg = Debug|Any CPU
		{3D662B53-3834-4DA5-9AE2-037151DC0B78}.Debug|Any CPU.Build.0 = Debug|Any CPU
		{3D662B53-3834-4DA5-9AE2-037151DC0B78}.Release|Any CPU.ActiveCfg = Release|Any CPU
		{3D662B53-3834-4DA5-9AE2-037151DC0B78}.Release|Any CPU.Build.0 = Release|Any CPU
	EndGlobalSection
	GlobalSection(SolutionProperties) = preSolution
		HideSolutionNode = FALSE
	EndGlobalSection
	GlobalSection(ExtensibilityGlobals) = postSolution
		SolutionGuid = {00E8CE01-7A22-4FED-ADE9-FB67DE896D53}
	EndGlobalSection
EndGlobal
